{
    "name": "acme-test",
    "version": "0.0.1",
    "lockfileVersion": 2,
    "requires": true,
    "packages": {
        "": {
            "name": "acme-test",
            "version": "0.0.1",
            "dependencies": {
                "acme": "*",
                "acme-dns-01-namecheap": "*",
                "http": "*"
            }
        },
        "node_modules/@root/acme": {
            "version": "3.1.0",
            "resolved": "https://registry.npmjs.org/@root/acme/-/acme-3.1.0.tgz",
            "integrity": "sha512-GAyaW63cpSYd2KvVp5lHLbCWeEhJPKZK9nsJvZJOKsD9Uv88KEttn4FpDZEJ+2q3Jsey0DWpuQ2I4ft0JV9p2w==",
            "hasInstallScript": true,
            "dependencies": {
                "@root/csr": "^0.8.1",
                "@root/encoding": "^1.0.1",
                "@root/keypairs": "^0.10.0",
                "@root/pem": "^1.0.4",
                "@root/request": "^1.6.1",
                "@root/x509": "^0.7.2"
            }
        },
        "node_modules/@root/asn1": {
            "version": "1.0.0",
            "resolved": "https://registry.npmjs.org/@root/asn1/-/asn1-1.0.0.tgz",
            "integrity": "sha512-0lfZNuOULKJDJmdIkP8V9RnbV3XaK6PAHD3swnFy4tZwtlMDzLKoM/dfNad7ut8Hu3r91wy9uK0WA/9zym5mig==",
            "dependencies": {
                "@root/encoding": "^1.0.1"
            }
        },
        "node_modules/@root/csr": {
            "version": "0.8.1",
            "resolved": "https://registry.npmjs.org/@root/csr/-/csr-0.8.1.tgz",
            "integrity": "sha512-hKl0VuE549TK6SnS2Yn9nRvKbFZXn/oAg+dZJU/tlKl/f/0yRXeuUzf8akg3JjtJq+9E592zDqeXZ7yyrg8fSQ==",
            "dependencies": {
                "@root/asn1": "^1.0.0",
                "@root/pem": "^1.0.4",
                "@root/x509": "^0.7.2"
            }
        },
        "node_modules/@root/encoding": {
            "version": "1.0.1",
            "resolved": "https://registry.npmjs.org/@root/encoding/-/encoding-1.0.1.tgz",
            "integrity": "sha512-OaEub02ufoU038gy6bsNHQOjIn8nUjGiLcaRmJ40IUykneJkIW5fxDqKxQx48cszuNflYldsJLPPXCrGfHs8yQ=="
        },
        "node_modules/@root/keypairs": {
            "version": "0.10.3",
            "resolved": "https://registry.npmjs.org/@root/keypairs/-/keypairs-0.10.3.tgz",
            "integrity": "sha512-hbmjVbk/G99Z1XlUzJM4VOAaR8jm4vMnfwpZL301FA24ubJ/bOjj6enCrz9gKsQvBO6RY4/R4MgUuWpXeqeZZQ==",
            "dependencies": {
                "@root/encoding": "^1.0.1",
                "@root/pem": "^1.0.4",
                "@root/x509": "^0.7.2"
            }
        },
        "node_modules/@root/pem": {
            "version": "1.0.4",
            "resolved": "https://registry.npmjs.org/@root/pem/-/pem-1.0.4.tgz",
            "integrity": "sha512-rEUDiUsHtild8GfIjFE9wXtcVxeS+ehCJQBwbQQ3IVfORKHK93CFnRtkr69R75lZFjcmKYVc+AXDB+AeRFOULA=="
        },
        "node_modules/@root/request": {
            "version": "1.9.2",
            "resolved": "https://registry.npmjs.org/@root/request/-/request-1.9.2.tgz",
            "integrity": "sha512-wVaL9yVV9oDR9UNbPZa20qgY+4Ch6YN8JUkaE4el/uuS5dmhD8Lusm/ku8qJVNtmQA56XLzEDCRS6/vfpiHK2A=="
        },
        "node_modules/@root/x509": {
            "version": "0.7.2",
            "resolved": "https://registry.npmjs.org/@root/x509/-/x509-0.7.2.tgz",
            "integrity": "sha512-ENq3LGYORK5NiMFHEVeNMt+fTXaC7DTS6sQXoqV+dFdfT0vmiL5cDLjaXQhaklJQq0NiwicZegzJRl1ZOTp3WQ==",
            "dependencies": {
                "@root/asn1": "^1.0.0",
                "@root/encoding": "^1.0.1"
            }
        },
        "node_modules/acme": {
            "version": "3.0.3",
            "resolved": "https://registry.npmjs.org/acme/-/acme-3.0.3.tgz",
            "integrity": "sha512-NMEugs9cWvryNRidu9GeyV3EbqDlb5XFKQjaJ6E99RFpzrHM/iYYLImdrdpnkbS4vFTCrB2nMA7MQB0vAk801w==",
            "dependencies": {
                "@root/acme": "^3.0.2"
            }
        },
        "node_modules/acme-dns-01-namecheap": {
            "version": "3.0.1",
            "resolved": "https://registry.npmjs.org/acme-dns-01-namecheap/-/acme-dns-01-namecheap-3.0.1.tgz",
            "integrity": "sha512-Pjt22yPOBsFZdw078GSJv9GihP12x9G+Ahp4t5zurRRZgyC/9Azp7E/GJJMsobYM3PMUXtiacUjvrYQ7B8Tw3g==",
            "dependencies": {
                "@root/request": "^1.3.11",
                "xml2js": "^0.4.19"
            }
        },
        "node_modules/http": {
            "version": "0.0.1-security",
            "resolved": "https://registry.npmjs.org/http/-/http-0.0.1-security.tgz",
            "integrity": "sha512-RnDvP10Ty9FxqOtPZuxtebw1j4L/WiqNMDtuc1YMH1XQm5TgDRaR1G9u8upL6KD1bXHSp9eSXo/ED+8Q7FAr+g=="
        },
        "node_modules/sax": {
            "version": "1.2.4",
            "resolved": "https://registry.npmjs.org/sax/-/sax-1.2.4.tgz",
            "integrity": "sha512-NqVDv9TpANUjFm0N8uM5GxL36UgKi9/atZw+x7YFnQ8ckwFGKrl4xX4yWtrey3UJm5nP1kUbnYgLopqWNSRhWw=="
        },
        "node_modules/xml2js": {
            "version": "0.4.23",
            "resolved": "https://registry.npmjs.org/xml2js/-/xml2js-0.4.23.tgz",
            "integrity": "sha512-ySPiMjM0+pLDftHgXY4By0uswI3SPKLDw/i3UXbnO8M/p28zqexCUoPmQFrYD+/1BzhGJSs2i1ERWKJAtiLrug==",
            "dependencies": {
                "sax": ">=0.6.0",
                "xmlbuilder": "~11.0.0"
            },
            "engines": {
                "node": ">=4.0.0"
            }
        },
        "node_modules/xmlbuilder": {
            "version": "11.0.1",
            "resolved": "https://registry.npmjs.org/xmlbuilder/-/xmlbuilder-11.0.1.tgz",
            "integrity": "sha512-fDlsI/kFEx7gLvbecc0/ohLG50fugQp8ryHzMTuW9vSa1GJ0XYWKnhsUx7oie3G98+r56aTQIUB4kht42R3JvA==",
            "engines": {
                "node": ">=4.0"
            }
        }
    },
    "dependencies": {
        "@root/acme": {
            "version": "3.1.0",
            "resolved": "https://registry.npmjs.org/@root/acme/-/acme-3.1.0.tgz",
            "integrity": "sha512-GAyaW63cpSYd2KvVp5lHLbCWeEhJPKZK9nsJvZJOKsD9Uv88KEttn4FpDZEJ+2q3Jsey0DWpuQ2I4ft0JV9p2w==",
            "requires": {
                "@root/csr": "^0.8.1",
                "@root/encoding": "^1.0.1",
                "@root/keypairs": "^0.10.0",
                "@root/pem": "^1.0.4",
                "@root/request": "^1.6.1",
                "@root/x509": "^0.7.2"
            }
        },
        "@root/asn1": {
            "version": "1.0.0",
            "resolved": "https://registry.npmjs.org/@root/asn1/-/asn1-1.0.0.tgz",
            "integrity": "sha512-0lfZNuOULKJDJmdIkP8V9RnbV3XaK6PAHD3swnFy4tZwtlMDzLKoM/dfNad7ut8Hu3r91wy9uK0WA/9zym5mig==",
            "requires": {
                "@root/encoding": "^1.0.1"
            }
        },
        "@root/csr": {
            "version": "0.8.1",
            "resolved": "https://registry.npmjs.org/@root/csr/-/csr-0.8.1.tgz",
            "integrity": "sha512-hKl0VuE549TK6SnS2Yn9nRvKbFZXn/oAg+dZJU/tlKl/f/0yRXeuUzf8akg3JjtJq+9E592zDqeXZ7yyrg8fSQ==",
            "requires": {
                "@root/asn1": "^1.0.0",
                "@root/pem": "^1.0.4",
                "@root/x509": "^0.7.2"
            }
        },
        "@root/encoding": {
            "version": "1.0.1",
            "resolved": "https://registry.npmjs.org/@root/encoding/-/encoding-1.0.1.tgz",
            "integrity": "sha512-OaEub02ufoU038gy6bsNHQOjIn8nUjGiLcaRmJ40IUykneJkIW5fxDqKxQx48cszuNflYldsJLPPXCrGfHs8yQ=="
        },
        "@root/keypairs": {
            "version": "0.10.3",
            "resolved": "https://registry.npmjs.org/@root/keypairs/-/keypairs-0.10.3.tgz",
            "integrity": "sha512-hbmjVbk/G99Z1XlUzJM4VOAaR8jm4vMnfwpZL301FA24ubJ/bOjj6enCrz9gKsQvBO6RY4/R4MgUuWpXeqeZZQ==",
            "requires": {
                "@root/encoding": "^1.0.1",
                "@root/pem": "^1.0.4",
                "@root/x509": "^0.7.2"
            }
        },
        "@root/pem": {
            "version": "1.0.4",
            "resolved": "https://registry.npmjs.org/@root/pem/-/pem-1.0.4.tgz",
            "integrity": "sha512-rEUDiUsHtild8GfIjFE9wXtcVxeS+ehCJQBwbQQ3IVfORKHK93CFnRtkr69R75lZFjcmKYVc+AXDB+AeRFOULA=="
        },
        "@root/request": {
            "version": "1.9.2",
            "resolved": "https://registry.npmjs.org/@root/request/-/request-1.9.2.tgz",
            "integrity": "sha512-wVaL9yVV9oDR9UNbPZa20qgY+4Ch6YN8JUkaE4el/uuS5dmhD8Lusm/ku8qJVNtmQA56XLzEDCRS6/vfpiHK2A=="
        },
        "@root/x509": {
            "version": "0.7.2",
            "resolved": "https://registry.npmjs.org/@root/x509/-/x509-0.7.2.tgz",
            "integrity": "sha512-ENq3LGYORK5NiMFHEVeNMt+fTXaC7DTS6sQXoqV+dFdfT0vmiL5cDLjaXQhaklJQq0NiwicZegzJRl1ZOTp3WQ==",
            "requires": {
                "@root/asn1": "^1.0.0",
                "@root/encoding": "^1.0.1"
            }
        },
        "acme": {
            "version": "3.0.3",
            "resolved": "https://registry.npmjs.org/acme/-/acme-3.0.3.tgz",
            "integrity": "sha512-NMEugs9cWvryNRidu9GeyV3EbqDlb5XFKQjaJ6E99RFpzrHM/iYYLImdrdpnkbS4vFTCrB2nMA7MQB0vAk801w==",
            "requires": {
                "@root/acme": "^3.0.2"
            }
        },
        "acme-dns-01-namecheap": {
            "version": "3.0.1",
            "resolved": "https://registry.npmjs.org/acme-dns-01-namecheap/-/acme-dns-01-namecheap-3.0.1.tgz",
            "integrity": "sha512-Pjt22yPOBsFZdw078GSJv9GihP12x9G+Ahp4t5zurRRZgyC/9Azp7E/GJJMsobYM3PMUXtiacUjvrYQ7B8Tw3g==",
            "requires": {
                "@root/request": "^1.3.11",
                "xml2js": "^0.4.19"
            }
        },
        "http": {
            "version": "0.0.1-security",
            "resolved": "https://registry.npmjs.org/http/-/http-0.0.1-security.tgz",
            "integrity": "sha512-RnDvP10Ty9FxqOtPZuxtebw1j4L/WiqNMDtuc1YMH1XQm5TgDRaR1G9u8upL6KD1bXHSp9eSXo/ED+8Q7FAr+g=="
        },
        "sax": {
            "version": "1.2.4",
            "resolved": "https://registry.npmjs.org/sax/-/sax-1.2.4.tgz",
            "integrity": "sha512-NqVDv9TpANUjFm0N8uM5GxL36UgKi9/atZw+x7YFnQ8ckwFGKrl4xX4yWtrey3UJm5nP1kUbnYgLopqWNSRhWw=="
        },
        "xml2js": {
            "version": "0.4.23",
            "resolved": "https://registry.npmjs.org/xml2js/-/xml2js-0.4.23.tgz",
            "integrity": "sha512-ySPiMjM0+pLDftHgXY4By0uswI3SPKLDw/i3UXbnO8M/p28zqexCUoPmQFrYD+/1BzhGJSs2i1ERWKJAtiLrug==",
            "requires": {
                "sax": ">=0.6.0",
                "xmlbuilder": "~11.0.0"
            }
        },
        "xmlbuilder": {
            "version": "11.0.1",
            "resolved": "https://registry.npmjs.org/xmlbuilder/-/xmlbuilder-11.0.1.tgz",
            "integrity": "sha512-fDlsI/kFEx7gLvbecc0/ohLG50fugQp8ryHzMTuW9vSa1GJ0XYWKnhsUx7oie3G98+r56aTQIUB4kht42R3JvA=="
        }
    }
}
